// !$*UTF8*$!
{
	archiveVersion = 1;
	classes = {
	};
	objectVersion = 56;
	objects = {

/* Begin PBXBuildFile section */
		DC8949CC2CF32EA400C709BE /* chinese idiom of the day Watch App.app in Embed Watch Content */ = {isa = PBXBuildFile; fileRef = DC8949CB2CF32EA400C709BE /* chinese idiom of the day Watch App.app */; settings = {ATTRIBUTES = (RemoveHeadersOnCopy, ); }; };
		DC8949D12CF32EA400C709BE /* chinese_idiom_of_the_dayApp.swift in Sources */ = {isa = PBXBuildFile; fileRef = DC8949D02CF32EA400C709BE /* chinese_idiom_of_the_dayApp.swift */; };
		DC8949D32CF32EA400C709BE /* ContentView.swift in Sources */ = {isa = PBXBuildFile; fileRef = DC8949D22CF32EA400C709BE /* ContentView.swift */; };
		DC8949D52CF32EA700C709BE /* Assets.xcassets in Resources */ = {isa = PBXBuildFile; fileRef = DC8949D42CF32EA700C709BE /* Assets.xcassets */; };
		DC8949D82CF32EA700C709BE /* Preview Assets.xcassets in Resources */ = {isa = PBXBuildFile; fileRef = DC8949D72CF32EA700C709BE /* Preview Assets.xcassets */; };
/* End PBXBuildFile section */

/* Begin PBXContainerItemProxy section */
		DC8949CD2CF32EA400C709BE /* PBXContainerItemProxy */ = {
			isa = PBXContainerItemProxy;
			containerPortal = DC8949BF2CF32EA400C709BE /* Project object */;
			proxyType = 1;
			remoteGlobalIDString = DC8949CA2CF32EA400C709BE;
			remoteInfo = "chinese idiom of the day Watch App";
		};
/* End PBXContainerItemProxy section */

/* Begin PBXCopyFilesBuildPhase section */
		DC8949DE2CF32EA700C709BE /* Embed Watch Content */ = {
			isa = PBXCopyFilesBuildPhase;
			buildActionMask = 2147483647;
			dstPath = "$(CONTENTS_FOLDER_PATH)/Watch";
			dstSubfolderSpec = 16;
			files = (
				DC8949CC2CF32EA400C709BE /* chinese idiom of the day Watch App.app in Embed Watch Content */,
			);
			name = "Embed Watch Content";
			runOnlyForDeploymentPostprocessing = 0;
		};
/* End PBXCopyFilesBuildPhase section */

/* Begin PBXFileReference section */
		DC8949C52CF32EA400C709BE /* chinese idiom of the day.app */ = {isa = PBXFileReference; explicitFileType = wrapper.application; includeInIndex = 0; path = "chinese idiom of the day.app"; sourceTree = BUILT_PRODUCTS_DIR; };
		DC8949CB2CF32EA400C709BE /* chinese idiom of the day Watch App.app */ = {isa = PBXFileReference; explicitFileType = wrapper.application; includeInIndex = 0; path = "chinese idiom of the day Watch App.app"; sourceTree = BUILT_PRODUCTS_DIR; };
		DC8949D02CF32EA400C709BE /* chinese_idiom_of_the_dayApp.swift */ = {isa = PBXFileReference; lastKnownFileType = sourcecode.swift; path = chinese_idiom_of_the_dayApp.swift; sourceTree = "<group>"; };
		DC8949D22CF32EA400C709BE /* ContentView.swift */ = {isa = PBXFileReference; lastKnownFileType = sourcecode.swift; path = ContentView.swift; sourceTree = "<group>"; };
		DC8949D42CF32EA700C709BE /* Assets.xcassets */ = {isa = PBXFileReference; lastKnownFileType = folder.assetcatalog; path = Assets.xcassets; sourceTree = "<group>"; };
		DC8949D72CF32EA700C709BE /* Preview Assets.xcassets */ = {isa = PBXFileReference; lastKnownFileType = folder.assetcatalog; path = "Preview Assets.xcassets"; sourceTree = "<group>"; };
/* End PBXFileReference section */

/* Begin PBXFrameworksBuildPhase section */
		DC8949C82CF32EA400C709BE /* Frameworks */ = {
			isa = PBXFrameworksBuildPhase;
			buildActionMask = 2147483647;
			files = (
			);
			runOnlyForDeploymentPostprocessing = 0;
		};
/* End PBXFrameworksBuildPhase section */

/* Begin PBXGroup section */
		DC8949BE2CF32EA400C709BE = {
			isa = PBXGroup;
			children = (
				DC8949CF2CF32EA400C709BE /* chinese idiom of the day Watch App */,
				DC8949C62CF32EA400C709BE /* Products */,
			);
			sourceTree = "<group>";
		};
		DC8949C62CF32EA400C709BE /* Products */ = {
			isa = PBXGroup;
			children = (
				DC8949C52CF32EA400C709BE /* chinese idiom of the day.app */,
				DC8949CB2CF32EA400C709BE /* chinese idiom of the day Watch App.app */,
			);
			name = Products;
			sourceTree = "<group>";
		};
		DC8949CF2CF32EA400C709BE /* chinese idiom of the day Watch App */ = {
			isa = PBXGroup;
			children = (
				DC8949D02CF32EA400C709BE /* chinese_idiom_of_the_dayApp.swift */,
				DC8949D22CF32EA400C709BE /* ContentView.swift */,
				DC8949D42CF32EA700C709BE /* Assets.xcassets */,
				DC8949D62CF32EA700C709BE /* Preview Content */,
			);
			path = "chinese idiom of the day Watch App";
			sourceTree = "<group>";
		};
		DC8949D62CF32EA700C709BE /* Preview Content */ = {
			isa = PBXGroup;
			children = (
				DC8949D72CF32EA700C709BE /* Preview Assets.xcassets */,
			);
			path = "Preview Content";
			sourceTree = "<group>";
		};
/* End PBXGroup section */

/* Begin PBXNativeTarget section */
		DC8949C42CF32EA400C709BE /* chinese idiom of the day */ = {
			isa = PBXNativeTarget;
			buildConfigurationList = DC8949DF2CF32EA700C709BE /* Build configuration list for PBXNativeTarget "chinese idiom of the day" */;
			buildPhases = (
				DC8949C32CF32EA400C709BE /* Resources */,
				DC8949DE2CF32EA700C709BE /* Embed Watch Content */,
			);
			buildRules = (
			);
			dependencies = (
				DC8949CE2CF32EA400C709BE /* PBXTargetDependency */,
			);
			name = "chinese idiom of the day";
			productName = "chinese idiom of the day";
			productReference = DC8949C52CF32EA400C709BE /* chinese idiom of the day.app */;
			productType = "com.apple.product-type.application.watchapp2-container";
		};
		DC8949CA2CF32EA400C709BE /* chinese idiom of the day Watch App */ = {
			isa = PBXNativeTarget;
			buildConfigurationList = DC8949DB2CF32EA700C709BE /* Build configuration list for PBXNativeTarget "chinese idiom of the day Watch App" */;
			buildPhases = (
				DC8949C72CF32EA400C709BE /* Sources */,
				DC8949C82CF32EA400C709BE /* Frameworks */,
				DC8949C92CF32EA400C709BE /* Resources */,
			);
			buildRules = (
			);
			dependencies = (
			);
			name = "chinese idiom of the day Watch App";
			productName = "chinese idiom of the day Watch App";
			productReference = DC8949CB2CF32EA400C709BE /* chinese idiom of the day Watch App.app */;
			productType = "com.apple.product-type.application";
		};
/* End PBXNativeTarget section */

/* Begin PBXProject section */
		DC8949BF2CF32EA400C709BE /* Project object */ = {
			isa = PBXProject;
			attributes = {
				BuildIndependentTargetsInParallel = 1;
				LastSwiftUpdateCheck = 1530;
				LastUpgradeCheck = 1530;
				TargetAttributes = {
					DC8949C42CF32EA400C709BE = {
						CreatedOnToolsVersion = 15.3;
					};
					DC8949CA2CF32EA400C709BE = {
						CreatedOnToolsVersion = 15.3;
					};
				};
			};
			buildConfigurationList = DC8949C22CF32EA400C709BE /* Build configuration list for PBXProject "chinese idiom of the day" */;
			compatibilityVersion = "Xcode 14.0";
			developmentRegion = en;
			hasScannedForEncodings = 0;
			knownRegions = (
				en,
				Base,
			);
			mainGroup = DC8949BE2CF32EA400C709BE;
			productRefGroup = DC8949C62CF32EA400C709BE /* Products */;
			projectDirPath = "";
			projectRoot = "";
			targets = (
				DC8949C42CF32EA400C709BE /* chinese idiom of the day */,
				DC8949CA2CF32EA400C709BE /* chinese idiom of the day Watch App */,
			);
		};
/* End PBXProject section */

/* Begin PBXResourcesBuildPhase section */
		DC8949C32CF32EA400C709BE /* Resources */ = {
			isa = PBXResourcesBuildPhase;
			buildActionMask = 2147483647;
			files = (
			);
			runOnlyForDeploymentPostprocessing = 0;
		};
		DC8949C92CF32EA400C709BE /* Resources */ = {
			isa = PBXResourcesBuildPhase;
			buildActionMask = 2147483647;
			files = (
				DC8949D82CF32EA700C709BE /* Preview Assets.xcassets in Resources */,
				DC8949D52CF32EA700C709BE /* Assets.xcassets in Resources */,
			);
			runOnlyForDeploymentPostprocessing = 0;
		};
/* End PBXResourcesBuildPhase section */

/* Begin PBXSourcesBuildPhase section */
		DC8949C72CF32EA400C709BE /* Sources */ = {
			isa = PBXSourcesBuildPhase;
			buildActionMask = 2147483647;
			files = (
				DC8949D32CF32EA400C709BE /* ContentView.swift in Sources */,
				DC8949D12CF32EA400C709BE /* chinese_idiom_of_the_dayApp.swift in Sources */,
			);
			runOnlyForDeploymentPostprocessing = 0;
		};
/* End PBXSourcesBuildPhase section */

/* Begin PBXTargetDependency section */
		DC8949CE2CF32EA400C709BE /* PBXTargetDependency */ = {
			isa = PBXTargetDependency;
			target = DC8949CA2CF32EA400C709BE /* chinese idiom of the day Watch App */;
			targetProxy = DC8949CD2CF32EA400C709BE /* PBXContainerItemProxy */;
		};
/* End PBXTargetDependency section */

/* Begin XCBuildConfiguration section */
		DC8949D92CF32EA700C709BE /* Debug */ = {
			isa = XCBuildConfiguration;
			buildSettings = {
				ALWAYS_SEARCH_USER_PATHS = NO;
				ASSETCATALOG_COMPILER_GENERATE_SWIFT_ASSET_SYMBOL_EXTENSIONS = YES;
				CLANG_ANALYZER_NONNULL = YES;
				CLANG_ANALYZER_NUMBER_OBJECT_CONVERSION = YES_AGGRESSIVE;
				CLANG_CXX_LANGUAGE_STANDARD = "gnu++20";
				CLANG_ENABLE_MODULES = YES;
				CLANG_ENABLE_OBJC_ARC = YES;
				CLANG_ENABLE_OBJC_WEAK = YES;
				CLANG_WARN_BLOCK_CAPTURE_AUTORELEASING = YES;
				CLANG_WARN_BOOL_CONVERSION = YES;
				CLANG_WARN_COMMA = YES;
				CLANG_WARN_CONSTANT_CONVERSION = YES;
				CLANG_WARN_DEPRECATED_OBJC_IMPLEMENTATIONS = YES;
				CLANG_WARN_DIRECT_OBJC_ISA_USAGE = YES_ERROR;
				CLANG_WARN_DOCUMENTATION_COMMENTS = YES;
				CLANG_WARN_EMPTY_BODY = YES;
				CLANG_WARN_ENUM_CONVERSION = YES;
				CLANG_WARN_INFINITE_RECURSION = YES;
				CLANG_WARN_INT_CONVERSION = YES;
				CLANG_WARN_NON_LITERAL_NULL_CONVERSION = YES;
				CLANG_WARN_OBJC_IMPLICIT_RETAIN_SELF = YES;
				CLANG_WARN_OBJC_LITERAL_CONVERSION = YES;
				CLANG_WARN_OBJC_ROOT_CLASS = YES_ERROR;
				CLANG_WARN_QUOTED_INCLUDE_IN_FRAMEWORK_HEADER = YES;
				CLANG_WARN_RANGE_LOOP_ANALYSIS = YES;
				CLANG_WARN_STRICT_PROTOTYPES = YES;
				CLANG_WARN_SUSPICIOUS_MOVE = YES;
				CLANG_WARN_UNGUARDED_AVAILABILITY = YES_AGGRESSIVE;
				CLANG_WARN_UNREACHABLE_CODE = YES;
				CLANG_WARN__DUPLICATE_METHOD_MATCH = YES;
				COPY_PHASE_STRIP = NO;
				DEBUG_INFORMATION_FORMAT = dwarf;
				ENABLE_STRICT_OBJC_MSGSEND = YES;
				ENABLE_TESTABILITY = YES;
				ENABLE_USER_SCRIPT_SANDBOXING = YES;
				GCC_C_LANGUAGE_STANDARD = gnu17;
				GCC_DYNAMIC_NO_PIC = NO;
				GCC_NO_COMMON_BLOCKS = YES;
				GCC_OPTIMIZATION_LEVEL = 0;
				GCC_PREPROCESSOR_DEFINITIONS = (
					"DEBUG=1",
					"$(inherited)",
				);
				GCC_WARN_64_TO_32_BIT_CONVERSION = YES;
				GCC_WARN_ABOUT_RETURN_TYPE = YES_ERROR;
				GCC_WARN_UNDECLARED_SELECTOR = YES;
				GCC_WARN_UNINITIALIZED_AUTOS = YES_AGGRESSIVE;
				GCC_WARN_UNUSED_FUNCTION = YES;
				GCC_WARN_UNUSED_VARIABLE = YES;
				LOCALIZATION_PREFERS_STRING_CATALOGS = YES;
				MTL_ENABLE_DEBUG_INFO = INCLUDE_SOURCE;
				MTL_FAST_MATH = YES;
				ONLY_ACTIVE_ARCH = YES;
				SWIFT_ACTIVE_COMPILATION_CONDITIONS = "DEBUG $(inherited)";
				SWIFT_OPTIMIZATION_LEVEL = "-Onone";
			};
			name = Debug;
		};
		DC8949DA2CF32EA700C709BE /* Release */ = {
			isa = XCBuildConfiguration;
			buildSettings = {
				ALWAYS_SEARCH_USER_PATHS = NO;
				ASSETCATALOG_COMPILER_GENERATE_SWIFT_ASSET_SYMBOL_EXTENSIONS = YES;
				CLANG_ANALYZER_NONNULL = YES;
				CLANG_ANALYZER_NUMBER_OBJECT_CONVERSION = YES_AGGRESSIVE;
				CLANG_CXX_LANGUAGE_STANDARD = "gnu++20";
				CLANG_ENABLE_MODULES = YES;
				CLANG_ENABLE_OBJC_ARC = YES;
				CLANG_ENABLE_OBJC_WEAK = YES;
				CLANG_WARN_BLOCK_CAPTURE_AUTORELEASING = YES;
				CLANG_WARN_BOOL_CONVERSION = YES;
				CLANG_WARN_COMMA = YES;
				CLANG_WARN_CONSTANT_CONVERSION = YES;
				CLANG_WARN_DEPRECATED_OBJC_IMPLEMENTATIONS = YES;
				CLANG_WARN_DIRECT_OBJC_ISA_USAGE = YES_ERROR;
				CLANG_WARN_DOCUMENTATION_COMMENTS = YES;
				CLANG_WARN_EMPTY_BODY = YES;
				CLANG_WARN_ENUM_CONVERSION = YES;
				CLANG_WARN_INFINITE_RECURSION = YES;
				CLANG_WARN_INT_CONVERSION = YES;
				CLANG_WARN_NON_LITERAL_NULL_CONVERSION = YES;
				CLANG_WARN_OBJC_IMPLICIT_RETAIN_SELF = YES;
				CLANG_WARN_OBJC_LITERAL_CONVERSION = YES;
				CLANG_WARN_OBJC_ROOT_CLASS = YES_ERROR;
				CLANG_WARN_QUOTED_INCLUDE_IN_FRAMEWORK_HEADER = YES;
				CLANG_WARN_RANGE_LOOP_ANALYSIS = YES;
				CLANG_WARN_STRICT_PROTOTYPES = YES;
				CLANG_WARN_SUSPICIOUS_MOVE = YES;
				CLANG_WARN_UNGUARDED_AVAILABILITY = YES_AGGRESSIVE;
				CLANG_WARN_UNREACHABLE_CODE = YES;
				CLANG_WARN__DUPLICATE_METHOD_MATCH = YES;
				COPY_PHASE_STRIP = NO;
				DEBUG_INFORMATION_FORMAT = "dwarf-with-dsym";
				ENABLE_NS_ASSERTIONS = NO;
				ENABLE_STRICT_OBJC_MSGSEND = YES;
				ENABLE_USER_SCRIPT_SANDBOXING = YES;
				GCC_C_LANGUAGE_STANDARD = gnu17;
				GCC_NO_COMMON_BLOCKS = YES;
				GCC_WARN_64_TO_32_BIT_CONVERSION = YES;
				GCC_WARN_ABOUT_RETURN_TYPE = YES_ERROR;
				GCC_WARN_UNDECLARED_SELECTOR = YES;
				GCC_WARN_UNINITIALIZED_AUTOS = YES_AGGRESSIVE;
				GCC_WARN_UNUSED_FUNCTION = YES;
				GCC_WARN_UNUSED_VARIABLE = YES;
				LOCALIZATION_PREFERS_STRING_CATALOGS = YES;
				MTL_ENABLE_DEBUG_INFO = NO;
				MTL_FAST_MATH = YES;
				SWIFT_COMPILATION_MODE = wholemodule;
			};
			name = Release;
		};
		DC8949DC2CF32EA700C709BE /* Debug */ = {
			isa = XCBuildConfiguration;
			buildSettings = {
				ASSETCATALOG_COMPILER_APPICON_NAME = AppIcon;
				ASSETCATALOG_COMPILER_GLOBAL_ACCENT_COLOR_NAME = AccentColor;
				CODE_SIGN_STYLE = Automatic;
				CURRENT_PROJECT_VERSION = 1;
				DEVELOPMENT_ASSET_PATHS = "\"chinese idiom of the day Watch App/Preview Content\"";
				ENABLE_PREVIEWS = YES;
				GENERATE_INFOPLIST_FILE = YES;
				INFOPLIST_KEY_CFBundleDisplayName = "chinese idiom of the day";
				INFOPLIST_KEY_UISupportedInterfaceOrientations = "UIInterfaceOrientationPortrait UIInterfaceOrientationPortraitUpsideDown";
				INFOPLIST_KEY_WKWatchOnly = YES;
				LD_RUNPATH_SEARCH_PATHS = (
					"$(inherited)",
					"@executable_path/Frameworks",
				);
				MARKETING_VERSION = 1.0;
				PRODUCT_BUNDLE_IDENTIFIER = "com.akacoder404.chinese-idiom-of-the-day.watchkitapp";
				PRODUCT_NAME = "$(TARGET_NAME)";
				SDKROOT = watchos;
				SKIP_INSTALL = YES;
				SWIFT_EMIT_LOC_STRINGS = YES;
				SWIFT_VERSION = 5.0;
				TARGETED_DEVICE_FAMILY = 4;
				WATCHOS_DEPLOYMENT_TARGET = 10.4;
			};
			name = Debug;
		};
		DC8949DD2CF32EA700C709BE /* Release */ = {
			isa = XCBuildConfiguration;
			buildSettings = {
				ASSETCATALOG_COMPILER_APPICON_NAME = AppIcon;
				ASSETCATALOG_COMPILER_GLOBAL_ACCENT_COLOR_NAME = AccentColor;
				CODE_SIGN_STYLE = Automatic;
				CURRENT_PROJECT_VERSION = 1;
				DEVELOPMENT_ASSET_PATHS = "\"chinese idiom of the day Watch App/Preview Content\"";
				ENABLE_PREVIEWS = YES;
				GENERATE_INFOPLIST_FILE = YES;
				INFOPLIST_KEY_CFBundleDisplayName = "chinese idiom of the day";
				INFOPLIST_KEY_UISupportedInterfaceOrientations = "UIInterfaceOrientationPortrait UIInterfaceOrientationPortraitUpsideDown";
				INFOPLIST_KEY_WKWatchOnly = YES;
				LD_RUNPATH_SEARCH_PATHS = (
					"$(inherited)",
					"@executable_path/Frameworks",
				);
				MARKETING_VERSION = 1.0;
				PRODUCT_BUNDLE_IDENTIFIER = "com.akacoder404.chinese-idiom-of-the-day.watchkitapp";
				PRODUCT_NAME = "$(TARGET_NAME)";
				SDKROOT = watchos;
				SKIP_INSTALL = YES;
				SWIFT_EMIT_LOC_STRINGS = YES;
				SWIFT_VERSION = 5.0;
				TARGETED_DEVICE_FAMILY = 4;
				VALIDATE_PRODUCT = YES;
				WATCHOS_DEPLOYMENT_TARGET = 10.4;
			};
			name = Release;
		};
		DC8949E02CF32EA700C709BE /* Debug */ = {
			isa = XCBuildConfiguration;
			buildSettings = {
				ALWAYS_EMBED_SWIFT_STANDARD_LIBRARIES = YES;
				CODE_SIGN_STYLE = Automatic;
				CURRENT_PROJECT_VERSION = 1;
				INFOPLIST_KEY_CFBundleDisplayName = "chinese idiom of the day";
				MARKETING_VERSION = 1.0;
				PRODUCT_BUNDLE_IDENTIFIER = "com.akacoder404.chinese-idiom-of-the-day";
				PRODUCT_NAME = "$(TARGET_NAME)";
				SDKROOT = iphoneos;
				SWIFT_VERSION = 5.0;
			};
			name = Debug;
		};
		DC8949E12CF32EA700C709BE /* Release */ = {
			isa = XCBuildConfiguration;
			buildSettings = {
				ALWAYS_EMBED_SWIFT_STANDARD_LIBRARIES = YES;
				CODE_SIGN_STYLE = Automatic;
				CURRENT_PROJECT_VERSION = 1;
				INFOPLIST_KEY_CFBundleDisplayName = "chinese idiom of the day";
				MARKETING_VERSION = 1.0;
				PRODUCT_BUNDLE_IDENTIFIER = "com.akacoder404.chinese-idiom-of-the-day";
				PRODUCT_NAME = "$(TARGET_NAME)";
				SDKROOT = iphoneos;
				SWIFT_VERSION = 5.0;
				VALIDATE_PRODUCT = YES;
			};
			name = Release;
		};
/* End XCBuildConfiguration section */

/* Begin XCConfigurationList section */
		DC8949C22CF32EA400C709BE /* Build configuration list for PBXProject "chinese idiom of the day" */ = {
			isa = XCConfigurationList;
			buildConfigurations = (
				DC8949D92CF32EA700C709BE /* Debug */,
				DC8949DA2CF32EA700C709BE /* Release */,
			);
			defaultConfigurationIsVisible = 0;
			defaultConfigurationName = Release;
		};
		DC8949DB2CF32EA700C709BE /* Build configuration list for PBXNativeTarget "chinese idiom of the day Watch App" */ = {
			isa = XCConfigurationList;
			buildConfigurations = (
				DC8949DC2CF32EA700C709BE /* Debug */,
				DC8949DD2CF32EA700C709BE /* Release */,
			);
			defaultConfigurationIsVisible = 0;
			defaultConfigurationName = Release;
		};
		DC8949DF2CF32EA700C709BE /* Build configuration list for PBXNativeTarget "chinese idiom of the day" */ = {
			isa = XCConfigurationList;
			buildConfigurations = (
				DC8949E02CF32EA700C709BE /* Debug */,
				DC8949E12CF32EA700C709BE /* Release */,
			);
			defaultConfigurationIsVisible = 0;
			defaultConfigurationName = Release;
		};
/* End XCConfigurationList section */
	};
	rootObject = DC8949BF2CF32EA400C709BE /* Project object */;
}
